
Microsoft Visual Studio Solution File, Format Version 12.00
# Visual Studio Version 17
VisualStudioVersion = 17.2.32630.192
MinimumVisualStudioVersion = 10.0.40219.1
Project("{FAE04EC0-301F-11D3-BF4B-00C04F79EFBC}") = "BilgiYarışması", "BilgiYarışması.csproj", "{82DE500F-0364-4D38-ADC4-7E957DA06F69}"
EndProject
Global
	GlobalSection(SolutionConfigurationPlatforms) = preSolution
		Debug|Any CPU = Debug|Any CPU
		Release|Any CPU = Release|Any CPU
	EndGlobalSection
	GlobalSection(ProjectConfigurationPlatforms) = postSolution
		{82DE500F-0364-4D38-ADC4-7E957DA06F69}.Debug|Any CPU.ActiveCfg = Debug|Any CPU
		{82DE500F-0364-4D38-ADC4-7E957DA06F69}.Debug|Any CPU.Build.0 = Debug|Any CPU
		{82DE500F-0364-4D38-ADC4-7E957DA06F69}.Release|Any CPU.ActiveCfg = Release|Any CPU
		{82DE500F-0364-4D38-ADC4-7E957DA06F69}.Release|Any CPU.Build.0 = Release|Any CPU
	EndGlobalSection
	GlobalSection(SolutionProperties) = preSolution
		HideSolutionNode = FALSE
	EndGlobalSection
	GlobalSection(ExtensibilityGlobals) = postSolution
		SolutionGuid = {5D0BF26C-15A3-4193-8BE2-CD483C3EB9F4}
	EndGlobalSection
EndGlobal
